
Microsoft Visual Studio Solution File, Format Version 12.00
# Visual Studio 14
VisualStudioVersion = 14.0.25420.1
MinimumVisualStudioVersion = 10.0.40219.1
Project("{8BC9CEB8-8B4A-11D0-8D11-00A0C91BC942}") = "avcodec", "avcodec\avcodec.vcxproj", "{36C8710C-5204-4256-8F9C-7BB7A11CB818}"
EndProject
Project("{8BC9CEB8-8B4A-11D0-8D11-00A0C91BC942}") = "avformat", "avformat\avformat.vcxproj", "{2127B54D-0493-4B84-9A31-D8AAE64C8B80}"
EndProject
Project("{8BC9CEB8-8B4A-11D0-8D11-00A0C91BC942}") = "FFmpegDemo", "FFmpegDemo\FFmpegDemo.vcxproj", "{1CFCD5C9-6A5A-45A5-8989-3AE6C263F3E2}"
EndProject
Project("{8BC9CEB8-8B4A-11D0-8D11-00A0C91BC942}") = "swresample", "swresample\swresample.vcxproj", "{A07ABD89-0A5D-4547-892E-2682F364E5B9}"
EndProject
Project("{8BC9CEB8-8B4A-11D0-8D11-00A0C91BC942}") = "swscale", "swscale\swscale.vcxproj", "{6F2E7F04-772A-4238-9B22-021D599B6C82}"
EndProject
Project("{8BC9CEB8-8B4A-11D0-8D11-00A0C91BC942}") = "avutil", "avutil\avutil.vcxproj", "{60F0796B-553A-4EAE-AA68-B28E971FC6A0}"
EndProject
Global
	GlobalSection(SolutionConfigurationPlatforms) = preSolution
		Debug|x64 = Debug|x64
		Debug|x86 = Debug|x86
		Release|x64 = Release|x64
		Release|x86 = Release|x86
	EndGlobalSection
	GlobalSection(ProjectConfigurationPlatforms) = postSolution
		{36C8710C-5204-4256-8F9C-7BB7A11CB818}.Debug|x64.ActiveCfg = Debug|x64
		{36C8710C-5204-4256-8F9C-7BB7A11CB818}.Debug|x64.Build.0 = Debug|x64
		{36C8710C-5204-4256-8F9C-7BB7A11CB818}.Debug|x86.ActiveCfg = Debug|Win32
		{36C8710C-5204-4256-8F9C-7BB7A11CB818}.Debug|x86.Build.0 = Debug|Win32
		{36C8710C-5204-4256-8F9C-7BB7A11CB818}.Release|x64.ActiveCfg = Release|x64
		{36C8710C-5204-4256-8F9C-7BB7A11CB818}.Release|x64.Build.0 = Release|x64
		{36C8710C-5204-4256-8F9C-7BB7A11CB818}.Release|x86.ActiveCfg = Release|Win32
		{36C8710C-5204-4256-8F9C-7BB7A11CB818}.Release|x86.Build.0 = Release|Win32
		{2127B54D-0493-4B84-9A31-D8AAE64C8B80}.Debug|x64.ActiveCfg = Debug|x64
		{2127B54D-0493-4B84-9A31-D8AAE64C8B80}.Debug|x64.Build.0 = Debug|x64
		{2127B54D-0493-4B84-9A31-D8AAE64C8B80}.Debug|x86.ActiveCfg = Debug|Win32
		{2127B54D-0493-4B84-9A31-D8AAE64C8B80}.Debug|x86.Build.0 = Debug|Win32
		{2127B54D-0493-4B84-9A31-D8AAE64C8B80}.Release|x64.ActiveCfg = Release|x64
		{2127B54D-0493-4B84-9A31-D8AAE64C8B80}.Release|x64.Build.0 = Release|x64
		{2127B54D-0493-4B84-9A31-D8AAE64C8B80}.Release|x86.ActiveCfg = Release|Win32
		{2127B54D-0493-4B84-9A31-D8AAE64C8B80}.Release|x86.Build.0 = Release|Win32
		{1CFCD5C9-6A5A-45A5-8989-3AE6C263F3E2}.Debug|x64.ActiveCfg = Debug|x64
		{1CFCD5C9-6A5A-45A5-8989-3AE6C263F3E2}.Debug|x64.Build.0 = Debug|x64
		{1CFCD5C9-6A5A-45A5-8989-3AE6C263F3E2}.Debug|x86.ActiveCfg = Debug|Win32
		{1CFCD5C9-6A5A-45A5-8989-3AE6C263F3E2}.Debug|x86.Build.0 = Debug|Win32
		{1CFCD5C9-6A5A-45A5-8989-3AE6C263F3E2}.Release|x64.ActiveCfg = Release|x64
		{1CFCD5C9-6A5A-45A5-8989-3AE6C263F3E2}.Release|x64.Build.0 = Release|x64
		{1CFCD5C9-6A5A-45A5-8989-3AE6C263F3E2}.Release|x86.ActiveCfg = Release|Win32
		{1CFCD5C9-6A5A-45A5-8989-3AE6C263F3E2}.Release|x86.Build.0 = Release|Win32
		{A07ABD89-0A5D-4547-892E-2682F364E5B9}.Debug|x64.ActiveCfg = Debug|x64
		{A07ABD89-0A5D-4547-892E-2682F364E5B9}.Debug|x64.Build.0 = Debug|x64
		{A07ABD89-0A5D-4547-892E-2682F364E5B9}.Debug|x86.ActiveCfg = Debug|Win32
		{A07ABD89-0A5D-4547-892E-2682F364E5B9}.Debug|x86.Build.0 = Debug|Win32
		{A07ABD89-0A5D-4547-892E-2682F364E5B9}.Release|x64.ActiveCfg = Release|x64
		{A07ABD89-0A5D-4547-892E-2682F364E5B9}.Release|x64.Build.0 = Release|x64
		{A07ABD89-0A5D-4547-892E-2682F364E5B9}.Release|x86.ActiveCfg = Release|Win32
		{A07ABD89-0A5D-4547-892E-2682F364E5B9}.Release|x86.Build.0 = Release|Win32
		{6F2E7F04-772A-4238-9B22-021D599B6C82}.Debug|x64.ActiveCfg = Debug|x64
		{6F2E7F04-772A-4238-9B22-021D599B6C82}.Debug|x64.Build.0 = Debug|x64
		{6F2E7F04-772A-4238-9B22-021D599B6C82}.Debug|x86.ActiveCfg = Debug|Win32
		{6F2E7F04-772A-4238-9B22-021D599B6C82}.Debug|x86.Build.0 = Debug|Win32
		{6F2E7F04-772A-4238-9B22-021D599B6C82}.Release|x64.ActiveCfg = Release|x64
		{6F2E7F04-772A-4238-9B22-021D599B6C82}.Release|x64.Build.0 = Release|x64
		{6F2E7F04-772A-4238-9B22-021D599B6C82}.Release|x86.ActiveCfg = Release|Win32
		{6F2E7F04-772A-4238-9B22-021D599B6C82}.Release|x86.Build.0 = Release|Win32
		{60F0796B-553A-4EAE-AA68-B28E971FC6A0}.Debug|x64.ActiveCfg = Debug|x64
		{60F0796B-553A-4EAE-AA68-B28E971FC6A0}.Debug|x64.Build.0 = Debug|x64
		{60F0796B-553A-4EAE-AA68-B28E971FC6A0}.Debug|x86.ActiveCfg = Debug|Win32
		{60F0796B-553A-4EAE-AA68-B28E971FC6A0}.Debug|x86.Build.0 = Debug|Win32
		{60F0796B-553A-4EAE-AA68-B28E971FC6A0}.Release|x64.ActiveCfg = Release|x64
		{60F0796B-553A-4EAE-AA68-B28E971FC6A0}.Release|x64.Build.0 = Release|x64
		{60F0796B-553A-4EAE-AA68-B28E971FC6A0}.Release|x86.ActiveCfg = Release|Win32
		{60F0796B-553A-4EAE-AA68-B28E971FC6A0}.Release|x86.Build.0 = Release|Win32
	EndGlobalSection
	GlobalSection(SolutionProperties) = preSolution
		HideSolutionNode = FALSE
	EndGlobalSection
EndGlobal
